<?xml version="1.0" encoding="utf-8"?>
<Project ToolsVersion="4.0" xmlns="http://schemas.microsoft.com/developer/msbuild/2003">
  <ItemGroup>
    <Filter Include="Source Files">
      <UniqueIdentifier>{4FC737F1-C7A5-4376-A066-2A32D752A2FF}</UniqueIdentifier>
      <Extensions>cpp;c;cc;cxx;def;odl;idl;hpj;bat;asm;asmx</Extensions>
    </Filter>
    <Filter Include="Header Files">
      <UniqueIdentifier>{93995380-89BD-4b04-88EB-625FBE52EBFB}</UniqueIdentifier>
      <Extensions>h;hh;hpp;hxx;hm;inl;inc;xsd</Extensions>
    </Filter>
    <Filter Include="Resource Files">
      <UniqueIdentifier>{67DA6AB6-F800-4c08-8B7A-83BB121AAD01}</UniqueIdentifier>
      <Extensions>rc;ico;cur;bmp;dlg;rc2;rct;bin;rgs;gif;jpg;jpeg;jpe;resx;tiff;tif;png;wav;mfcribbon-ms</Extensions>
    </Filter>
  </ItemGroup>
  <ItemGroup>
    <None Include="portabee.ino" />
  </ItemGroup>
  <ItemGroup>
    <ClInclude Include="__vm\.portabee.vsarduino.h">
      <Filter>Header Files</Filter>
    </ClInclude>
    <ClInclude Include="src\pins.h">
      <Filter>Source Files</Filter>
    </ClInclude>
    <ClInclude Include="src\planner.h">
      <Filter>Source Files</Filter>
    </ClInclude>
    <ClInclude Include="src\qr_solve.h">
      <Filter>Source Files</Filter>
    </ClInclude>
    <ClInclude Include="src\Sd2Card.h">
      <Filter>Source Files</Filter>
    </ClInclude>
    <ClInclude Include="src\Sd2PinMap.h">
      <Filter>Source Files</Filter>
    </ClInclude>
    <ClInclude Include="src\SdBaseFile.h">
      <Filter>Source Files</Filter>
    </ClInclude>
    <ClInclude Include="src\SdFatConfig.h">
      <Filter>Source Files</Filter>
    </ClInclude>
    <ClInclude Include="src\SdFatStructs.h">
      <Filter>Source Files</Filter>
    </ClInclude>
    <ClInclude Include="src\SdFatUtil.h">
      <Filter>Source Files</Filter>
    </ClInclude>
    <ClInclude Include="src\SdFile.h">
      <Filter>Source Files</Filter>
    </ClInclude>
    <ClInclude Include="src\SdInfo.h">
      <Filter>Source Files</Filter>
    </ClInclude>
    <ClInclude Include="src\SdVolume.h">
      <Filter>Source Files</Filter>
    </ClInclude>
    <ClInclude Include="src\Servo.h">
      <Filter>Source Files</Filter>
    </ClInclude>
    <ClInclude Include="src\speed_lookuptable.h">
      <Filter>Source Files</Filter>
    </ClInclude>
    <ClInclude Include="src\stepper.h">
      <Filter>Source Files</Filter>
    </ClInclude>
    <ClInclude Include="src\temperature.h">
      <Filter>Source Files</Filter>
    </ClInclude>
    <ClInclude Include="src\thermistortables.h">
      <Filter>Source Files</Filter>
    </ClInclude>
    <ClInclude Include="src\vector_3.h">
      <Filter>Source Files</Filter>
    </ClInclude>
    <ClInclude Include="src\watchdog.h">
      <Filter>Source Files</Filter>
    </ClInclude>
    <ClInclude Include="src\cardreader.h">
      <Filter>Source Files</Filter>
    </ClInclude>
    <ClInclude Include="src\Configuration.h">
      <Filter>Source Files</Filter>
    </ClInclude>
    <ClInclude Include="src\Configuration_adv.h">
      <Filter>Source Files</Filter>
    </ClInclude>
    <ClInclude Include="src\ConfigurationStore.h">
      <Filter>Source Files</Filter>
    </ClInclude>
    <ClInclude Include="src\fastio.h">
      <Filter>Source Files</Filter>
    </ClInclude>
    <ClInclude Include="src\language.h">
      <Filter>Source Files</Filter>
    </ClInclude>
    <ClInclude Include="src\Marlin.h">
      <Filter>Source Files</Filter>
    </ClInclude>
    <ClInclude Include="src\MarlinSerial.h">
      <Filter>Source Files</Filter>
    </ClInclude>
    <ClInclude Include="src\motion_control.h">
      <Filter>Source Files</Filter>
    </ClInclude>
  </ItemGroup>
  <ItemGroup>
    <ClCompile Include="src\planner.cpp">
      <Filter>Source Files</Filter>
    </ClCompile>
    <ClCompile Include="src\qr_solve.cpp">
      <Filter>Source Files</Filter>
    </ClCompile>
    <ClCompile Include="src\Sd2Card.cpp">
      <Filter>Source Files</Filter>
    </ClCompile>
    <ClCompile Include="src\SdBaseFile.cpp">
      <Filter>Source Files</Filter>
    </ClCompile>
    <ClCompile Include="src\SdFatUtil.cpp">
      <Filter>Source Files</Filter>
    </ClCompile>
    <ClCompile Include="src\SdFile.cpp">
      <Filter>Source Files</Filter>
    </ClCompile>
    <ClCompile Include="src\SdVolume.cpp">
      <Filter>Source Files</Filter>
    </ClCompile>
    <ClCompile Include="src\Servo.cpp">
      <Filter>Source Files</Filter>
    </ClCompile>
    <ClCompile Include="src\stepper.cpp">
      <Filter>Source Files</Filter>
    </ClCompile>
    <ClCompile Include="src\temperature.cpp">
      <Filter>Source Files</Filter>
    </ClCompile>
    <ClCompile Include="src\vector_3.cpp">
      <Filter>Source Files</Filter>
    </ClCompile>
    <ClCompile Include="src\watchdog.cpp">
      <Filter>Source Files</Filter>
    </ClCompile>
    <ClCompile Include="src\cardreader.cpp">
      <Filter>Source Files</Filter>
    </ClCompile>
    <ClCompile Include="src\ConfigurationStore.cpp">
      <Filter>Source Files</Filter>
    </ClCompile>
    <ClCompile Include="src\Marlin_main.cpp">
      <Filter>Source Files</Filter>
    </ClCompile>
    <ClCompile Include="src\MarlinSerial.cpp">
      <Filter>Source Files</Filter>
    </ClCompile>
    <ClCompile Include="src\motion_control.cpp">
      <Filter>Source Files</Filter>
    </ClCompile>
  </ItemGroup>
</Project>